# auto-generated by grc.converter

id: lora_message_socket_sink
label: Message Socket Sink
category: '[LoRa]'

parameters:
-   id: ip
    label: IP
    dtype: string
    default: 127.0.0.1
-   id: port
    label: Port
    dtype: int
    default: 40868
-   id: layer
    label: Layer
    dtype: enum
    options: ['0', '1', '2']
    option_labels: [LoRa TAP, LoRa PHY, LoRa MAC]

inputs:
-   domain: message
    id: in

templates:
    imports: import lora
    make: lora.message_socket_sink(${ip}, ${port}, ${layer})

file_format: 1
