# auto-generated by grc.converter

id: lora_lora_receiver
label: LoRa Receiver
category: '[LoRa]'

parameters:
-   id: samp_rate
    label: Sample rate
    dtype: float
    default: 1e6
-   id: center_freq
    label: Center frequency
    dtype: float
    default: 868e6
-   id: channel_list
    label: Channel list
    dtype: float_vector
    default: [868.1e6]
    hide: ${ 'all' if disable_channelization else 'none' }
-   id: bandwidth
    label: Bandwidth
    dtype: int
    default: 125000
-   id: sf
    label: Spreading factor
    dtype: int
    default: 7
-   id: implicit
    label: Implicit header
    dtype: bool
    default: False
-   id: cr
    label: Coding rate
    dtype: enum
    options: [4, 3, 2, 1]
    option_labels: [4/8, 4/7, 4/6, 4/5]
    hide: ${ 'none' if implicit else 'all' }
-   id: crc
    label: CRC
    dtype: bool
    default: True
    hide: ${ 'none' if implicit else 'all' }
-   id: reduced_rate
    label: Reduced rate
    dtype: bool
    default: False
-   id: conj
    label: Conjugate downlink signal
    dtype: bool
    default: False
    hide: part
-   id: decimation
    label: Decimation
    dtype: int
    default: 1
    hide: part
-   id: disable_channelization
    label: Disable channelization
    dtype: bool
    default: False
    hide: part
-   id: disable_drift_correction
    label: Disable drift correction
    dtype: bool
    default: False
    hide: part

inputs:
-   domain: stream
    dtype: complex

outputs:
-   domain: message
    id: frames
    optional: true

templates:
    imports: import lora
    make: lora.lora_receiver(${samp_rate}, ${center_freq}, ${channel_list}, ${bandwidth},
        ${sf}, ${implicit}, ${cr}, ${crc}, ${reduced_rate}, ${conj}, ${decimation},
        ${disable_channelization}, ${disable_drift_correction})
    callbacks:
    -   set_center_freq(${center_freq})
    -   set_sf(${sf})

file_format: 1
