# auto-generated by grc.converter

id: lora_message_file_sink
label: Message File Sink
category: '[LoRa]'

parameters:
-   id: path
    label: Path
    dtype: file_open

inputs:
-   domain: message
    id: in

templates:
    imports: import lora
    make: lora.message_file_sink(${path})

file_format: 1
